dependencies:
- name: redis
  repository: https://charts.bitnami.com/bitnami
  version: 17.0.10
- name: postgresql
  repository: https://charts.bitnami.com/bitnami
  version: 10.16.2
- name: postgresql-ha
  repository: https://charts.bitnami.com/bitnami
  version: 8.6.13
- name: mariadb
  repository: https://charts.bitnami.com/bitnami
  version: 10.5.1
- name: common
  repository: https://charts.bitnami.com/bitnami
  version: 1.16.1
digest: sha256:7dbec1e63f25aaf88df452e117f9734fcb88575298c0ce1d34509c6244cd4090
generated: "2022-08-15T15:54:50.526092051Z"
